
Microsoft Visual Studio Solution File, Format Version 12.00
Project("{FAE04EC0-301F-11D3-BF4B-00C04F79EFBC}") = "Grpc.Server", "Grpc.Server\Grpc.Server.csproj", "{31B1E578-C372-4057-8F39-B0EC89AD8E53}"
EndProject
Project("{FAE04EC0-301F-11D3-BF4B-00C04F79EFBC}") = "Grpc.Client", "Grpc.Client\Grpc.Client.csproj", "{C7E572C5-F08F-4B89-AB11-DE7C9F1A9FF1}"
EndProject
Project("{FAE04EC0-301F-11D3-BF4B-00C04F79EFBC}") = "Grpc.ProtoContracts", "Grpc.ProtoContracts\Grpc.ProtoContracts.csproj", "{B7B37F41-C9C9-4F33-AB5C-1976DA41E9DB}"
EndProject
Project("{2150E333-8FDC-42A3-9474-1A3956D46DE8}") = "node_service", "node_service", "{A4685527-4FFC-45AF-B218-8F212F334E02}"
ProjectSection(SolutionItems) = preProject
	node_service\greeter_client.js = node_service\greeter_client.js
EndProjectSection
EndProject
Global
	GlobalSection(SolutionConfigurationPlatforms) = preSolution
		Debug|Any CPU = Debug|Any CPU
		Release|Any CPU = Release|Any CPU
	EndGlobalSection
	GlobalSection(ProjectConfigurationPlatforms) = postSolution
		{31B1E578-C372-4057-8F39-B0EC89AD8E53}.Debug|Any CPU.ActiveCfg = Debug|Any CPU
		{31B1E578-C372-4057-8F39-B0EC89AD8E53}.Debug|Any CPU.Build.0 = Debug|Any CPU
		{31B1E578-C372-4057-8F39-B0EC89AD8E53}.Release|Any CPU.ActiveCfg = Release|Any CPU
		{31B1E578-C372-4057-8F39-B0EC89AD8E53}.Release|Any CPU.Build.0 = Release|Any CPU
		{C7E572C5-F08F-4B89-AB11-DE7C9F1A9FF1}.Debug|Any CPU.ActiveCfg = Debug|Any CPU
		{C7E572C5-F08F-4B89-AB11-DE7C9F1A9FF1}.Debug|Any CPU.Build.0 = Debug|Any CPU
		{C7E572C5-F08F-4B89-AB11-DE7C9F1A9FF1}.Release|Any CPU.ActiveCfg = Release|Any CPU
		{C7E572C5-F08F-4B89-AB11-DE7C9F1A9FF1}.Release|Any CPU.Build.0 = Release|Any CPU
		{B7B37F41-C9C9-4F33-AB5C-1976DA41E9DB}.Debug|Any CPU.ActiveCfg = Debug|Any CPU
		{B7B37F41-C9C9-4F33-AB5C-1976DA41E9DB}.Debug|Any CPU.Build.0 = Debug|Any CPU
		{B7B37F41-C9C9-4F33-AB5C-1976DA41E9DB}.Release|Any CPU.ActiveCfg = Release|Any CPU
		{B7B37F41-C9C9-4F33-AB5C-1976DA41E9DB}.Release|Any CPU.Build.0 = Release|Any CPU
	EndGlobalSection
EndGlobal
